
Microsoft Visual Studio Solution File, Format Version 12.00
# Visual Studio 15
VisualStudioVersion = 15.0.27004.2005
MinimumVisualStudioVersion = 10.0.40219.1
Project("{FAE04EC0-301F-11D3-BF4B-00C04F79EFBC}") = "WebApplication3", "WebApplication3\WebApplication3.csproj", "{B3C78258-788E-4C2A-8F01-81120EDF1AFD}"
EndProject
Project("{00D1A9C2-B5F0-4AF3-8072-F6C62B433612}") = "ServiceRequestDB", "..\..\..\..\..\Source\Repos\ServiceRequestDB\ServiceRequestDB\ServiceRequestDB.sqlproj", "{0FFA974E-DCE6-4D7D-B7B9-DEB6BC25CFFB}"
EndProject
Global
	GlobalSection(SolutionConfigurationPlatforms) = preSolution
		Debug|Any CPU = Debug|Any CPU
		Release|Any CPU = Release|Any CPU
	EndGlobalSection
	GlobalSection(ProjectConfigurationPlatforms) = postSolution
		{B3C78258-788E-4C2A-8F01-81120EDF1AFD}.Debug|Any CPU.ActiveCfg = Debug|Any CPU
		{B3C78258-788E-4C2A-8F01-81120EDF1AFD}.Debug|Any CPU.Build.0 = Debug|Any CPU
		{B3C78258-788E-4C2A-8F01-81120EDF1AFD}.Release|Any CPU.ActiveCfg = Release|Any CPU
		{B3C78258-788E-4C2A-8F01-81120EDF1AFD}.Release|Any CPU.Build.0 = Release|Any CPU
		{0FFA974E-DCE6-4D7D-B7B9-DEB6BC25CFFB}.Debug|Any CPU.ActiveCfg = Debug|Any CPU
		{0FFA974E-DCE6-4D7D-B7B9-DEB6BC25CFFB}.Debug|Any CPU.Build.0 = Debug|Any CPU
		{0FFA974E-DCE6-4D7D-B7B9-DEB6BC25CFFB}.Debug|Any CPU.Deploy.0 = Debug|Any CPU
		{0FFA974E-DCE6-4D7D-B7B9-DEB6BC25CFFB}.Release|Any CPU.ActiveCfg = Release|Any CPU
		{0FFA974E-DCE6-4D7D-B7B9-DEB6BC25CFFB}.Release|Any CPU.Build.0 = Release|Any CPU
		{0FFA974E-DCE6-4D7D-B7B9-DEB6BC25CFFB}.Release|Any CPU.Deploy.0 = Release|Any CPU
	EndGlobalSection
	GlobalSection(SolutionProperties) = preSolution
		HideSolutionNode = FALSE
	EndGlobalSection
	GlobalSection(ExtensibilityGlobals) = postSolution
		SolutionGuid = {381B2E89-3926-4D85-B4B8-40EA279B18FD}
	EndGlobalSection
EndGlobal
